// !$*UTF8*$!
{
	archiveVersion = 1;
	classes = {
	};
	objectVersion = 46;
	objects = {

/* Begin PBXBuildFile section */
		47603BD41A035CAB0060B3EF /* Foundation.framework in Frameworks */ = {isa = PBXBuildFile; fileRef = 47603BD31A035CAB0060B3EF /* Foundation.framework */; };
		47603BDF1A035CAB0060B3EF /* toneenabler.mm in Sources */ = {isa = PBXBuildFile; fileRef = 47603BDE1A035CAB0060B3EF /* toneenabler.mm */; };
		47603BEA1A035CF60060B3EF /* libsubstrate.dylib in Frameworks */ = {isa = PBXBuildFile; fileRef = 47603BE91A035CF60060B3EF /* libsubstrate.dylib */; };
		47603DCD1A035D960060B3EF /* CoreAudio.framework in Frameworks */ = {isa = PBXBuildFile; fileRef = 47603DCC1A035D960060B3EF /* CoreAudio.framework */; };
		47603DCF1A035D9A0060B3EF /* CoreGraphics.framework in Frameworks */ = {isa = PBXBuildFile; fileRef = 47603DCE1A035D9A0060B3EF /* CoreGraphics.framework */; };
		47603DD11A035D9F0060B3EF /* MediaPlayer.framework in Frameworks */ = {isa = PBXBuildFile; fileRef = 47603DD01A035D9F0060B3EF /* MediaPlayer.framework */; };
		47603DD41A035DA40060B3EF /* EventKit.framework in Frameworks */ = {isa = PBXBuildFile; fileRef = 47603DD21A035DA40060B3EF /* EventKit.framework */; };
		47603DD51A035DA40060B3EF /* EventKitUI.framework in Frameworks */ = {isa = PBXBuildFile; fileRef = 47603DD31A035DA40060B3EF /* EventKitUI.framework */; };
		47603DD71A035DA80060B3EF /* StoreKit.framework in Frameworks */ = {isa = PBXBuildFile; fileRef = 47603DD61A035DA80060B3EF /* StoreKit.framework */; };
		47603DD91A035DF50060B3EF /* UIKit.framework in Frameworks */ = {isa = PBXBuildFile; fileRef = 47603DD81A035DF50060B3EF /* UIKit.framework */; };
		47603DDB1A035E170060B3EF /* MessageUI.framework in Frameworks */ = {isa = PBXBuildFile; fileRef = 47603DDA1A035E170060B3EF /* MessageUI.framework */; };
		47603DDD1A035E240060B3EF /* CoreTelephony.framework in Frameworks */ = {isa = PBXBuildFile; fileRef = 47603DDC1A035E240060B3EF /* CoreTelephony.framework */; };
		47603DDF1A035E2A0060B3EF /* AssetsLibrary.framework in Frameworks */ = {isa = PBXBuildFile; fileRef = 47603DDE1A035E2A0060B3EF /* AssetsLibrary.framework */; };
		47603DE11A035E370060B3EF /* Accounts.framework in Frameworks */ = {isa = PBXBuildFile; fileRef = 47603DE01A035E370060B3EF /* Accounts.framework */; };
		47603DE31A035E3F0060B3EF /* Security.framework in Frameworks */ = {isa = PBXBuildFile; fileRef = 47603DE21A035E3F0060B3EF /* Security.framework */; };
		47603DE51A035E510060B3EF /* AdSupport.framework in Frameworks */ = {isa = PBXBuildFile; fileRef = 47603DE41A035E510060B3EF /* AdSupport.framework */; };
		47603DE71A035E5F0060B3EF /* SystemConfiguration.framework in Frameworks */ = {isa = PBXBuildFile; fileRef = 47603DE61A035E5F0060B3EF /* SystemConfiguration.framework */; };
/* End PBXBuildFile section */

/* Begin PBXFileReference section */
		258225E511E3D732EA3CDFC5 /* libPods.a */ = {isa = PBXFileReference; explicitFileType = archive.ar; includeInIndex = 0; path = libPods.a; sourceTree = BUILT_PRODUCTS_DIR; };
		47603BD01A035CAB0060B3EF /* toneenabler.dylib */ = {isa = PBXFileReference; explicitFileType = "compiled.mach-o.dylib"; includeInIndex = 0; path = toneenabler.dylib; sourceTree = BUILT_PRODUCTS_DIR; };
		47603BD31A035CAB0060B3EF /* Foundation.framework */ = {isa = PBXFileReference; lastKnownFileType = wrapper.framework; name = Foundation.framework; path = System/Library/Frameworks/Foundation.framework; sourceTree = SDKROOT; };
		47603BD91A035CAB0060B3EF /* control */ = {isa = PBXFileReference; lastKnownFileType = text; name = control; path = Package/DEBIAN/control; sourceTree = "<group>"; };
		47603BDB1A035CAB0060B3EF /* PackageVersion.plist */ = {isa = PBXFileReference; lastKnownFileType = text.plist.xml; path = PackageVersion.plist; sourceTree = "<group>"; };
		47603BDC1A035CAB0060B3EF /* toneenabler-Prefix.pch */ = {isa = PBXFileReference; lastKnownFileType = sourcecode.c.h; path = "toneenabler-Prefix.pch"; sourceTree = "<group>"; };
		47603BDD1A035CAB0060B3EF /* toneenabler.xm */ = {isa = PBXFileReference; explicitFileType = sourcecode.cpp.objcpp; path = toneenabler.xm; sourceTree = "<group>"; xcLanguageSpecificationIdentifier = xcode.lang.objcpp; };
		47603BDE1A035CAB0060B3EF /* toneenabler.mm */ = {isa = PBXFileReference; lastKnownFileType = sourcecode.cpp.objcpp; path = toneenabler.mm; sourceTree = "<group>"; };
		47603BE31A035CAB0060B3EF /* toneenabler.plist */ = {isa = PBXFileReference; lastKnownFileType = text.plist.xml; name = toneenabler.plist; path = Package/Library/MobileSubstrate/DynamicLibraries/toneenabler.plist; sourceTree = "<group>"; };
		47603BE91A035CF60060B3EF /* libsubstrate.dylib */ = {isa = PBXFileReference; lastKnownFileType = "compiled.mach-o.dylib"; name = libsubstrate.dylib; path = ../../../../opt/iOSOpenDev/lib/libsubstrate.dylib; sourceTree = "<group>"; };
		47603DCC1A035D960060B3EF /* CoreAudio.framework */ = {isa = PBXFileReference; lastKnownFileType = wrapper.framework; name = CoreAudio.framework; path = System/Library/Frameworks/CoreAudio.framework; sourceTree = SDKROOT; };
		47603DCE1A035D9A0060B3EF /* CoreGraphics.framework */ = {isa = PBXFileReference; lastKnownFileType = wrapper.framework; name = CoreGraphics.framework; path = System/Library/Frameworks/CoreGraphics.framework; sourceTree = SDKROOT; };
		47603DD01A035D9F0060B3EF /* MediaPlayer.framework */ = {isa = PBXFileReference; lastKnownFileType = wrapper.framework; name = MediaPlayer.framework; path = System/Library/Frameworks/MediaPlayer.framework; sourceTree = SDKROOT; };
		47603DD21A035DA40060B3EF /* EventKit.framework */ = {isa = PBXFileReference; lastKnownFileType = wrapper.framework; name = EventKit.framework; path = System/Library/Frameworks/EventKit.framework; sourceTree = SDKROOT; };
		47603DD31A035DA40060B3EF /* EventKitUI.framework */ = {isa = PBXFileReference; lastKnownFileType = wrapper.framework; name = EventKitUI.framework; path = System/Library/Frameworks/EventKitUI.framework; sourceTree = SDKROOT; };
		47603DD61A035DA80060B3EF /* StoreKit.framework */ = {isa = PBXFileReference; lastKnownFileType = wrapper.framework; name = StoreKit.framework; path = System/Library/Frameworks/StoreKit.framework; sourceTree = SDKROOT; };
		47603DD81A035DF50060B3EF /* UIKit.framework */ = {isa = PBXFileReference; lastKnownFileType = wrapper.framework; name = UIKit.framework; path = System/Library/Frameworks/UIKit.framework; sourceTree = SDKROOT; };
		47603DDA1A035E170060B3EF /* MessageUI.framework */ = {isa = PBXFileReference; lastKnownFileType = wrapper.framework; name = MessageUI.framework; path = System/Library/Frameworks/MessageUI.framework; sourceTree = SDKROOT; };
		47603DDC1A035E240060B3EF /* CoreTelephony.framework */ = {isa = PBXFileReference; lastKnownFileType = wrapper.framework; name = CoreTelephony.framework; path = System/Library/Frameworks/CoreTelephony.framework; sourceTree = SDKROOT; };
		47603DDE1A035E2A0060B3EF /* AssetsLibrary.framework */ = {isa = PBXFileReference; lastKnownFileType = wrapper.framework; name = AssetsLibrary.framework; path = System/Library/Frameworks/AssetsLibrary.framework; sourceTree = SDKROOT; };
		47603DE01A035E370060B3EF /* Accounts.framework */ = {isa = PBXFileReference; lastKnownFileType = wrapper.framework; name = Accounts.framework; path = System/Library/Frameworks/Accounts.framework; sourceTree = SDKROOT; };
		47603DE21A035E3F0060B3EF /* Security.framework */ = {isa = PBXFileReference; lastKnownFileType = wrapper.framework; name = Security.framework; path = System/Library/Frameworks/Security.framework; sourceTree = SDKROOT; };
		47603DE41A035E510060B3EF /* AdSupport.framework */ = {isa = PBXFileReference; lastKnownFileType = wrapper.framework; name = AdSupport.framework; path = System/Library/Frameworks/AdSupport.framework; sourceTree = SDKROOT; };
		47603DE61A035E5F0060B3EF /* SystemConfiguration.framework */ = {isa = PBXFileReference; lastKnownFileType = wrapper.framework; name = SystemConfiguration.framework; path = System/Library/Frameworks/SystemConfiguration.framework; sourceTree = SDKROOT; };
/* End PBXFileReference section */

/* Begin PBXFrameworksBuildPhase section */
		47603BCC1A035CAB0060B3EF /* Frameworks */ = {
			isa = PBXFrameworksBuildPhase;
			buildActionMask = 2147483647;
			files = (
				47603DE71A035E5F0060B3EF /* SystemConfiguration.framework in Frameworks */,
				47603DE51A035E510060B3EF /* AdSupport.framework in Frameworks */,
				47603DE31A035E3F0060B3EF /* Security.framework in Frameworks */,
				47603DE11A035E370060B3EF /* Accounts.framework in Frameworks */,
				47603DDF1A035E2A0060B3EF /* AssetsLibrary.framework in Frameworks */,
				47603DDD1A035E240060B3EF /* CoreTelephony.framework in Frameworks */,
				47603DDB1A035E170060B3EF /* MessageUI.framework in Frameworks */,
				47603DD91A035DF50060B3EF /* UIKit.framework in Frameworks */,
				47603DD71A035DA80060B3EF /* StoreKit.framework in Frameworks */,
				47603DD41A035DA40060B3EF /* EventKit.framework in Frameworks */,
				47603DD51A035DA40060B3EF /* EventKitUI.framework in Frameworks */,
				47603DD11A035D9F0060B3EF /* MediaPlayer.framework in Frameworks */,
				47603DCF1A035D9A0060B3EF /* CoreGraphics.framework in Frameworks */,
				47603DCD1A035D960060B3EF /* CoreAudio.framework in Frameworks */,
				47603BEA1A035CF60060B3EF /* libsubstrate.dylib in Frameworks */,
				47603BD41A035CAB0060B3EF /* Foundation.framework in Frameworks */,
			);
			runOnlyForDeploymentPostprocessing = 0;
		};
/* End PBXFrameworksBuildPhase section */

/* Begin PBXGroup section */
		16C60FB5D4E9FB0BCBBB5066 /* Pods */ = {
			isa = PBXGroup;
			children = (
			);
			name = Pods;
			sourceTree = "<group>";
		};
		47603BC51A035CAB0060B3EF = {
			isa = PBXGroup;
			children = (
				47603BD51A035CAB0060B3EF /* toneenabler */,
				47603BD21A035CAB0060B3EF /* Frameworks */,
				47603BD11A035CAB0060B3EF /* Products */,
				16C60FB5D4E9FB0BCBBB5066 /* Pods */,
			);
			sourceTree = "<group>";
		};
		47603BD11A035CAB0060B3EF /* Products */ = {
			isa = PBXGroup;
			children = (
				47603BD01A035CAB0060B3EF /* toneenabler.dylib */,
			);
			name = Products;
			sourceTree = "<group>";
		};
		47603BD21A035CAB0060B3EF /* Frameworks */ = {
			isa = PBXGroup;
			children = (
				47603DE61A035E5F0060B3EF /* SystemConfiguration.framework */,
				47603DE41A035E510060B3EF /* AdSupport.framework */,
				47603DE21A035E3F0060B3EF /* Security.framework */,
				47603DE01A035E370060B3EF /* Accounts.framework */,
				47603DDE1A035E2A0060B3EF /* AssetsLibrary.framework */,
				47603DDC1A035E240060B3EF /* CoreTelephony.framework */,
				47603DDA1A035E170060B3EF /* MessageUI.framework */,
				47603DD81A035DF50060B3EF /* UIKit.framework */,
				47603DD61A035DA80060B3EF /* StoreKit.framework */,
				47603DD21A035DA40060B3EF /* EventKit.framework */,
				47603DD31A035DA40060B3EF /* EventKitUI.framework */,
				47603DD01A035D9F0060B3EF /* MediaPlayer.framework */,
				47603DCE1A035D9A0060B3EF /* CoreGraphics.framework */,
				47603DCC1A035D960060B3EF /* CoreAudio.framework */,
				47603BE91A035CF60060B3EF /* libsubstrate.dylib */,
				47603BD31A035CAB0060B3EF /* Foundation.framework */,
				258225E511E3D732EA3CDFC5 /* libPods.a */,
			);
			name = Frameworks;
			sourceTree = "<group>";
		};
		47603BD51A035CAB0060B3EF /* toneenabler */ = {
			isa = PBXGroup;
			children = (
				47603BDD1A035CAB0060B3EF /* toneenabler.xm */,
				47603BDE1A035CAB0060B3EF /* toneenabler.mm */,
				47603BD61A035CAB0060B3EF /* Package */,
				47603BDA1A035CAB0060B3EF /* Supporting Files */,
			);
			path = toneenabler;
			sourceTree = "<group>";
		};
		47603BD61A035CAB0060B3EF /* Package */ = {
			isa = PBXGroup;
			children = (
				47603BD71A035CAB0060B3EF /* DEBIAN */,
				47603BE01A035CAB0060B3EF /* Library */,
			);
			name = Package;
			sourceTree = "<group>";
		};
		47603BD71A035CAB0060B3EF /* DEBIAN */ = {
			isa = PBXGroup;
			children = (
				47603BD91A035CAB0060B3EF /* control */,
			);
			name = DEBIAN;
			sourceTree = "<group>";
		};
		47603BDA1A035CAB0060B3EF /* Supporting Files */ = {
			isa = PBXGroup;
			children = (
				47603BDB1A035CAB0060B3EF /* PackageVersion.plist */,
				47603BDC1A035CAB0060B3EF /* toneenabler-Prefix.pch */,
			);
			name = "Supporting Files";
			sourceTree = "<group>";
		};
		47603BE01A035CAB0060B3EF /* Library */ = {
			isa = PBXGroup;
			children = (
				47603BE11A035CAB0060B3EF /* MobileSubstrate */,
			);
			name = Library;
			sourceTree = "<group>";
		};
		47603BE11A035CAB0060B3EF /* MobileSubstrate */ = {
			isa = PBXGroup;
			children = (
				47603BE21A035CAB0060B3EF /* DynamicLibraries */,
			);
			name = MobileSubstrate;
			sourceTree = "<group>";
		};
		47603BE21A035CAB0060B3EF /* DynamicLibraries */ = {
			isa = PBXGroup;
			children = (
				47603BE31A035CAB0060B3EF /* toneenabler.plist */,
			);
			name = DynamicLibraries;
			sourceTree = "<group>";
		};
/* End PBXGroup section */

/* Begin PBXHeadersBuildPhase section */
		47603BCD1A035CAB0060B3EF /* Headers */ = {
			isa = PBXHeadersBuildPhase;
			buildActionMask = 2147483647;
			files = (
			);
			runOnlyForDeploymentPostprocessing = 0;
		};
/* End PBXHeadersBuildPhase section */

/* Begin PBXNativeTarget section */
		47603BCF1A035CAB0060B3EF /* toneenabler */ = {
			isa = PBXNativeTarget;
			buildConfigurationList = 47603BE61A035CAB0060B3EF /* Build configuration list for PBXNativeTarget "toneenabler" */;
			buildPhases = (
				47603BCA1A035CAB0060B3EF /* ShellScript */,
				47603BCB1A035CAB0060B3EF /* Sources */,
				47603BCC1A035CAB0060B3EF /* Frameworks */,
				47603BCD1A035CAB0060B3EF /* Headers */,
				47603BCE1A035CAB0060B3EF /* ShellScript */,
			);
			buildRules = (
			);
			dependencies = (
			);
			name = toneenabler;
			productName = toneenabler;
			productReference = 47603BD01A035CAB0060B3EF /* toneenabler.dylib */;
			productType = "com.apple.product-type.library.dynamic";
		};
/* End PBXNativeTarget section */

/* Begin PBXProject section */
		47603BC61A035CAB0060B3EF /* Project object */ = {
			isa = PBXProject;
			attributes = {
				LastUpgradeCheck = 0610;
				TargetAttributes = {
					47603BCF1A035CAB0060B3EF = {
						CreatedOnToolsVersion = 6.1;
					};
				};
			};
			buildConfigurationList = 47603BC91A035CAB0060B3EF /* Build configuration list for PBXProject "toneenabler" */;
			compatibilityVersion = "Xcode 3.2";
			developmentRegion = English;
			hasScannedForEncodings = 0;
			knownRegions = (
				en,
			);
			mainGroup = 47603BC51A035CAB0060B3EF;
			productRefGroup = 47603BD11A035CAB0060B3EF /* Products */;
			projectDirPath = "";
			projectRoot = "";
			targets = (
				47603BCF1A035CAB0060B3EF /* toneenabler */,
			);
		};
/* End PBXProject section */

/* Begin PBXShellScriptBuildPhase section */
		47603BCA1A035CAB0060B3EF /* ShellScript */ = {
			isa = PBXShellScriptBuildPhase;
			buildActionMask = 2147483647;
			files = (
			);
			inputPaths = (
			);
			outputPaths = (
			);
			runOnlyForDeploymentPostprocessing = 0;
			shellPath = /bin/sh;
			shellScript = "/opt/iOSOpenDev/bin/iosod --xcbp-logos";
		};
		47603BCE1A035CAB0060B3EF /* ShellScript */ = {
			isa = PBXShellScriptBuildPhase;
			buildActionMask = 2147483647;
			files = (
			);
			inputPaths = (
			);
			outputPaths = (
			);
			runOnlyForDeploymentPostprocessing = 0;
			shellPath = /bin/sh;
			shellScript = "/opt/iOSOpenDev/bin/iosod --xcbp\n#lets hack this shit into going into the beta server\ncd \"$PROJECT_DIR/Packages\"\nL_FILE_NAME=$(ls -t *.deb | head -1)\nL_PKG_LOCATION=\"$PROJECT_DIR/Packages/$L_FILE_NAME\"\n\nscp \"$L_PKG_LOCATION\" root@ftp.unlimapps.com:/home/beta/deb/\nssh root@ftp.unlimapps.com \"/home/beta/scan.sh\"";
		};
/* End PBXShellScriptBuildPhase section */

/* Begin PBXSourcesBuildPhase section */
		47603BCB1A035CAB0060B3EF /* Sources */ = {
			isa = PBXSourcesBuildPhase;
			buildActionMask = 2147483647;
			files = (
				47603BDF1A035CAB0060B3EF /* toneenabler.mm in Sources */,
			);
			runOnlyForDeploymentPostprocessing = 0;
		};
/* End PBXSourcesBuildPhase section */

/* Begin XCBuildConfiguration section */
		47603BE41A035CAB0060B3EF /* Debug */ = {
			isa = XCBuildConfiguration;
			buildSettings = {
				CLANG_ENABLE_OBJC_ARC = YES;
				CODE_SIGN_IDENTITY = "";
				COPY_PHASE_STRIP = NO;
				EXCLUDED_RECURSIVE_SEARCH_PATH_SUBDIRECTORIES = "*.nib *.lproj *.gch (*) .DS_Store CVS .svn .git .hg *.xcodeproj *.xcode *.pbproj *.pbxproj";
				FRAMEWORK_SEARCH_PATHS = (
					"$(iOSOpenDevPath)/frameworks/**",
					"$(SDKROOT)/System/Library/PrivateFrameworks",
				);
				GCC_C_LANGUAGE_STANDARD = gnu99;
				GCC_DYNAMIC_NO_PIC = NO;
				GCC_OPTIMIZATION_LEVEL = 0;
				GCC_PREPROCESSOR_DEFINITIONS = (
					"DEBUG=1",
					"$(inherited)",
				);
				GCC_SYMBOLS_PRIVATE_EXTERN = NO;
				GCC_WARN_ABOUT_MISSING_PROTOTYPES = YES;
				GCC_WARN_ABOUT_RETURN_TYPE = YES;
				GCC_WARN_UNUSED_VARIABLE = YES;
				HEADER_SEARCH_PATHS = "$(iOSOpenDevPath)/include/**";
				IPHONEOS_DEPLOYMENT_TARGET = 7.0;
				LIBRARY_SEARCH_PATHS = "$(iOSOpenDevPath)/lib/**";
				PROVISIONING_PROFILE = "";
				SDKROOT = iphoneos;
				TARGETED_DEVICE_FAMILY = "1,2";
				VALIDATE_PRODUCT = NO;
				iOSOpenDevPath = /opt/iOSOpenDev;
			};
			name = Debug;
		};
		47603BE51A035CAB0060B3EF /* Release */ = {
			isa = XCBuildConfiguration;
			buildSettings = {
				CLANG_ENABLE_OBJC_ARC = YES;
				CODE_SIGN_IDENTITY = "";
				COPY_PHASE_STRIP = YES;
				EXCLUDED_RECURSIVE_SEARCH_PATH_SUBDIRECTORIES = "*.nib *.lproj *.gch (*) .DS_Store CVS .svn .git .hg *.xcodeproj *.xcode *.pbproj *.pbxproj";
				FRAMEWORK_SEARCH_PATHS = (
					"$(iOSOpenDevPath)/frameworks/**",
					"$(SDKROOT)/System/Library/PrivateFrameworks",
				);
				GCC_C_LANGUAGE_STANDARD = gnu99;
				GCC_WARN_ABOUT_MISSING_PROTOTYPES = YES;
				GCC_WARN_ABOUT_RETURN_TYPE = YES;
				GCC_WARN_UNUSED_VARIABLE = YES;
				HEADER_SEARCH_PATHS = "$(iOSOpenDevPath)/include/**";
				IPHONEOS_DEPLOYMENT_TARGET = 7.0;
				LIBRARY_SEARCH_PATHS = "$(iOSOpenDevPath)/lib/**";
				PROVISIONING_PROFILE = "";
				SDKROOT = iphoneos;
				TARGETED_DEVICE_FAMILY = "1,2";
				VALIDATE_PRODUCT = YES;
				iOSOpenDevPath = /opt/iOSOpenDev;
			};
			name = Release;
		};
		47603BE71A035CAB0060B3EF /* Debug */ = {
			isa = XCBuildConfiguration;
			buildSettings = {
				CODE_SIGN_IDENTITY = "";
				DYLIB_COMPATIBILITY_VERSION = 1;
				DYLIB_CURRENT_VERSION = 1;
				FRAMEWORK_SEARCH_PATHS = (
					"$(inherited)",
					"$(PROJECT_DIR)/Vendors/MoPubSDKUA/AdNetworkSupport/Millennial/SDK",
				);
				GCC_PRECOMPILE_PREFIX_HEADER = YES;
				GCC_PREFIX_HEADER = "toneenabler/toneenabler-Prefix.pch";
				INSTALL_PATH = /Library/MobileSubstrate/DynamicLibraries;
				LIBRARY_SEARCH_PATHS = (
					"$(inherited)",
					/opt/iOSOpenDev/lib,
					"$(PROJECT_DIR)/Vendors/MoPubSDKUA/AdNetworkSupport/GoogleAdMob/SDK",
				);
				PRODUCT_NAME = "$(TARGET_NAME)";
				PROVISIONING_PROFILE = "";
				iOSOpenDevBuildPackageOnAnyBuild = NO;
				iOSOpenDevCopyOnBuild = NO;
				iOSOpenDevDevice = 192.168.1.19;
				iOSOpenDevInstallOnAnyBuild = NO;
				iOSOpenDevInstallOnProfiling = YES;
				iOSOpenDevRespringOnInstall = YES;
				iOSOpenDevUsePackageVersionPList = YES;
			};
			name = Debug;
		};
		47603BE81A035CAB0060B3EF /* Release */ = {
			isa = XCBuildConfiguration;
			buildSettings = {
				CODE_SIGN_IDENTITY = "";
				DYLIB_COMPATIBILITY_VERSION = 1;
				DYLIB_CURRENT_VERSION = 1;
				FRAMEWORK_SEARCH_PATHS = (
					"$(inherited)",
					"$(PROJECT_DIR)/Vendors/MoPubSDKUA/AdNetworkSupport/Millennial/SDK",
				);
				GCC_PRECOMPILE_PREFIX_HEADER = YES;
				GCC_PREFIX_HEADER = "toneenabler/toneenabler-Prefix.pch";
				INSTALL_PATH = /Library/MobileSubstrate/DynamicLibraries;
				LIBRARY_SEARCH_PATHS = (
					"$(inherited)",
					/opt/iOSOpenDev/lib,
					"$(PROJECT_DIR)/Vendors/MoPubSDKUA/AdNetworkSupport/GoogleAdMob/SDK",
				);
				PRODUCT_NAME = "$(TARGET_NAME)";
				PROVISIONING_PROFILE = "";
				iOSOpenDevBuildPackageOnAnyBuild = NO;
				iOSOpenDevCopyOnBuild = NO;
				iOSOpenDevDevice = 192.168.1.19;
				iOSOpenDevInstallOnAnyBuild = NO;
				iOSOpenDevInstallOnProfiling = YES;
				iOSOpenDevRespringOnInstall = YES;
				iOSOpenDevUsePackageVersionPList = YES;
			};
			name = Release;
		};
/* End XCBuildConfiguration section */

/* Begin XCConfigurationList section */
		47603BC91A035CAB0060B3EF /* Build configuration list for PBXProject "toneenabler" */ = {
			isa = XCConfigurationList;
			buildConfigurations = (
				47603BE41A035CAB0060B3EF /* Debug */,
				47603BE51A035CAB0060B3EF /* Release */,
			);
			defaultConfigurationIsVisible = 0;
			defaultConfigurationName = Release;
		};
		47603BE61A035CAB0060B3EF /* Build configuration list for PBXNativeTarget "toneenabler" */ = {
			isa = XCConfigurationList;
			buildConfigurations = (
				47603BE71A035CAB0060B3EF /* Debug */,
				47603BE81A035CAB0060B3EF /* Release */,
			);
			defaultConfigurationIsVisible = 0;
			defaultConfigurationName = Release;
		};
/* End XCConfigurationList section */
	};
	rootObject = 47603BC61A035CAB0060B3EF /* Project object */;
}
